{
    "version": 3,
    "terraform_version": "0.8.8",
    "serial": 13,
    "lineage": "dc2a8e7a-5d62-47ca-be60-d846f54057f1",
    "modules": [
        {
            "path": [
                "root"
            ],
            "outputs": {},
            "resources": {
                "digitalocean_droplet.www-1": {
                    "type": "digitalocean_droplet",
                    "depends_on": [
                        "digitalocean_ssh_key.terraform"
                    ],
                    "primary": {
                        "id": "58763642",
                        "attributes": {
                            "disk": "30",
                            "id": "58763642",
                            "image": "docker-16-04",
                            "ipv4_address": "159.203.117.65",
                            "ipv4_address_private": "10.132.10.90",
                            "locked": "false",
                            "name": "www-1",
                            "private_networking": "true",
                            "region": "nyc3",
                            "resize_disk": "true",
                            "size": "1gb",
                            "ssh_keys.#": "1",
                            "ssh_keys.0": "12024508",
                            "status": "active",
                            "tags.#": "0",
                            "vcpus": "1"
                        },
                        "meta": {},
                        "tainted": false
                    },
                    "deposed": [],
                    "provider": ""
                },
                "digitalocean_ssh_key.terraform": {
                    "type": "digitalocean_ssh_key",
                    "depends_on": [],
                    "primary": {
                        "id": "12024508",
                        "attributes": {
                            "fingerprint": "fa:4a:13:3b:24:ed:07:b8:e3:6c:63:ae:39:26:3b:fa",
                            "id": "12024508",
                            "name": "terraform",
                            "public_key": "ssh-rsa AAAAB3NzaC1yc2EAAAADAQABAAABAQDAdBqhqy4mbxIydSgi6/H5Oz6en5t5MQQo06aYlJqW4b3LDLZU1rysaWCC+eQA8iA/VvKjSGUWIKFAanGtst9ouKwyHkZPPufDCOmnPlh2rLQDN1qYfZv9OQpQPc5txc+Ss5MJydge0jj0+AzJHx2/TegviGqQdrnLzyXl0TK4Vdu8eU+0L63x6vdOW2gpnatF8VpT2jYYhR6O2HvqNXFk/iNu609OFgiQcVoFYSC+nlpgWZfDG3+r2dtuPRON5opuNffQ5m82OQZlNVy38IVwGBemKAalqKyhPLHo9fCNfG/ArIVjWtxmBBZCGc1MnNrCuWMiSsu5+7TgkNSUmxht tscanlan@tscanlan-mbp15.local"
                        },
                        "meta": {},
                        "tainted": false
                    },
                    "deposed": [],
                    "provider": ""
                }
            },
            "depends_on": []
        }
    ]
}
